
Microsoft Visual Studio Solution File, Format Version 12.00
# Visual Studio 15
VisualStudioVersion = 15.0.28307.705
MinimumVisualStudioVersion = 10.0.40219.1
Project("{FAE04EC0-301F-11D3-BF4B-00C04F79EFBC}") = "Exercise_2_CSharp", "Exercise_2_CSharp\Exercise_2_CSharp.csproj", "{696014F5-FB66-41EB-8F9A-4DE4932C9CC9}"
EndProject
Project("{2150E333-8FDC-42A3-9474-1A3956D46DE8}") = "Tests", "Tests", "{89F5EF42-EA71-4376-AB10-8EF6E38BB9F3}"
EndProject
Project("{FAE04EC0-301F-11D3-BF4B-00C04F79EFBC}") = "Exercise_2_CSharpTest", "Exercise_2_CSharpTest\Exercise_2_CSharpTest.csproj", "{BFBEBFF6-F4BF-4BF6-A89B-8A00CE53E00A}"
EndProject
Global
	GlobalSection(SolutionConfigurationPlatforms) = preSolution
		Debug|Any CPU = Debug|Any CPU
		Release|Any CPU = Release|Any CPU
	EndGlobalSection
	GlobalSection(ProjectConfigurationPlatforms) = postSolution
		{696014F5-FB66-41EB-8F9A-4DE4932C9CC9}.Debug|Any CPU.ActiveCfg = Debug|Any CPU
		{696014F5-FB66-41EB-8F9A-4DE4932C9CC9}.Debug|Any CPU.Build.0 = Debug|Any CPU
		{696014F5-FB66-41EB-8F9A-4DE4932C9CC9}.Release|Any CPU.ActiveCfg = Release|Any CPU
		{696014F5-FB66-41EB-8F9A-4DE4932C9CC9}.Release|Any CPU.Build.0 = Release|Any CPU
		{BFBEBFF6-F4BF-4BF6-A89B-8A00CE53E00A}.Debug|Any CPU.ActiveCfg = Debug|Any CPU
		{BFBEBFF6-F4BF-4BF6-A89B-8A00CE53E00A}.Debug|Any CPU.Build.0 = Debug|Any CPU
		{BFBEBFF6-F4BF-4BF6-A89B-8A00CE53E00A}.Release|Any CPU.ActiveCfg = Release|Any CPU
		{BFBEBFF6-F4BF-4BF6-A89B-8A00CE53E00A}.Release|Any CPU.Build.0 = Release|Any CPU
	EndGlobalSection
	GlobalSection(SolutionProperties) = preSolution
		HideSolutionNode = FALSE
	EndGlobalSection
	GlobalSection(NestedProjects) = preSolution
		{BFBEBFF6-F4BF-4BF6-A89B-8A00CE53E00A} = {89F5EF42-EA71-4376-AB10-8EF6E38BB9F3}
	EndGlobalSection
	GlobalSection(ExtensibilityGlobals) = postSolution
		SolutionGuid = {E56C188E-456E-432F-A402-3C8BA20A3F05}
	EndGlobalSection
EndGlobal
